
Microsoft Visual Studio Solution File, Format Version 12.00
# Visual Studio 14
VisualStudioVersion = 14.0.25123.0
MinimumVisualStudioVersion = 10.0.40219.1
Project("{FAE04EC0-301F-11D3-BF4B-00C04F79EFBC}") = "Email", "Email\Email.csproj", "{8839CC97-26A7-4714-A2FF-B4C4B909C860}"
EndProject
Global
	GlobalSection(SolutionConfigurationPlatforms) = preSolution
		Debug|Any CPU = Debug|Any CPU
		Release|Any CPU = Release|Any CPU
	EndGlobalSection
	GlobalSection(ProjectConfigurationPlatforms) = postSolution
		{8839CC97-26A7-4714-A2FF-B4C4B909C860}.Debug|Any CPU.ActiveCfg = Debug|Any CPU
		{8839CC97-26A7-4714-A2FF-B4C4B909C860}.Debug|Any CPU.Build.0 = Debug|Any CPU
		{8839CC97-26A7-4714-A2FF-B4C4B909C860}.Release|Any CPU.ActiveCfg = Release|Any CPU
		{8839CC97-26A7-4714-A2FF-B4C4B909C860}.Release|Any CPU.Build.0 = Release|Any CPU
	EndGlobalSection
	GlobalSection(SolutionProperties) = preSolution
		HideSolutionNode = FALSE
	EndGlobalSection
EndGlobal
